
Microsoft Visual Studio Solution File, Format Version 12.00
# Visual Studio Version 16
VisualStudioVersion = 16.0.31410.357
MinimumVisualStudioVersion = 10.0.40219.1
Project("{FAE04EC0-301F-11D3-BF4B-00C04F79EFBC}") = "ConsoleAppT4", "ConsoleAppT4\ConsoleAppT4.csproj", "{CC5756A7-3ABB-47AF-AFA1-5B68810DBC7C}"
EndProject
Global
	GlobalSection(SolutionConfigurationPlatforms) = preSolution
		Debug|Any CPU = Debug|Any CPU
		Release|Any CPU = Release|Any CPU
	EndGlobalSection
	GlobalSection(ProjectConfigurationPlatforms) = postSolution
		{CC5756A7-3ABB-47AF-AFA1-5B68810DBC7C}.Debug|Any CPU.ActiveCfg = Debug|Any CPU
		{CC5756A7-3ABB-47AF-AFA1-5B68810DBC7C}.Debug|Any CPU.Build.0 = Debug|Any CPU
		{CC5756A7-3ABB-47AF-AFA1-5B68810DBC7C}.Release|Any CPU.ActiveCfg = Release|Any CPU
		{CC5756A7-3ABB-47AF-AFA1-5B68810DBC7C}.Release|Any CPU.Build.0 = Release|Any CPU
	EndGlobalSection
	GlobalSection(SolutionProperties) = preSolution
		HideSolutionNode = FALSE
	EndGlobalSection
	GlobalSection(ExtensibilityGlobals) = postSolution
		SolutionGuid = {F53D1C0C-315F-4A0F-A645-FFB20A0FB2B9}
	EndGlobalSection
EndGlobal
